// !$*UTF8*$!
{
	archiveVersion = 1;
	classes = {
	};
	objectVersion = 46;
	objects = {

/* Begin PBXBuildFile section */
		A90FEE9C1AC5AD0E003969B1 /* Comparator.cpp in Sources */ = {isa = PBXBuildFile; fileRef = A90FEE941AC5AD0E003969B1 /* Comparator.cpp */; };
		A90FEE9E1AC5AD0E003969B1 /* Object.cpp in Sources */ = {isa = PBXBuildFile; fileRef = A90FEE981AC5AD0E003969B1 /* Object.cpp */; };
		A90FEE9F1AC5AD0E003969B1 /* PriorityQueue.cpp in Sources */ = {isa = PBXBuildFile; fileRef = A90FEE9A1AC5AD0E003969B1 /* PriorityQueue.cpp */; };
		A90FEEA11AC5AD21003969B1 /* huffman.cpp in Sources */ = {isa = PBXBuildFile; fileRef = A90FEEA01AC5AD21003969B1 /* huffman.cpp */; };
/* End PBXBuildFile section */

/* Begin PBXCopyFilesBuildPhase section */
		A90FEE871AC5ACE3003969B1 /* CopyFiles */ = {
			isa = PBXCopyFilesBuildPhase;
			buildActionMask = 2147483647;
			dstPath = /usr/share/man/man1/;
			dstSubfolderSpec = 0;
			files = (
			);
			runOnlyForDeploymentPostprocessing = 1;
		};
/* End PBXCopyFilesBuildPhase section */

/* Begin PBXFileReference section */
		A90FEE891AC5ACE3003969B1 /* 210-5.6 */ = {isa = PBXFileReference; explicitFileType = "compiled.mach-o.executable"; includeInIndex = 0; path = "210-5.6"; sourceTree = BUILT_PRODUCTS_DIR; };
		A90FEE8C1AC5ACE3003969B1 /* main.cpp */ = {isa = PBXFileReference; lastKnownFileType = sourcecode.cpp.cpp; path = main.cpp; sourceTree = "<group>"; };
		A90FEE931AC5AD0E003969B1 /* book.h */ = {isa = PBXFileReference; fileEncoding = 4; lastKnownFileType = sourcecode.c.h; path = book.h; sourceTree = "<group>"; };
		A90FEE941AC5AD0E003969B1 /* Comparator.cpp */ = {isa = PBXFileReference; fileEncoding = 4; lastKnownFileType = sourcecode.cpp.cpp; path = Comparator.cpp; sourceTree = "<group>"; };
		A90FEE951AC5AD0E003969B1 /* Comparator.h */ = {isa = PBXFileReference; fileEncoding = 4; lastKnownFileType = sourcecode.c.h; path = Comparator.h; sourceTree = "<group>"; };
		A90FEE961AC5AD0E003969B1 /* heap.h */ = {isa = PBXFileReference; fileEncoding = 4; lastKnownFileType = sourcecode.c.h; path = heap.h; sourceTree = "<group>"; };
		A90FEE981AC5AD0E003969B1 /* Object.cpp */ = {isa = PBXFileReference; fileEncoding = 4; lastKnownFileType = sourcecode.cpp.cpp; path = Object.cpp; sourceTree = "<group>"; };
		A90FEE991AC5AD0E003969B1 /* Object.h */ = {isa = PBXFileReference; fileEncoding = 4; lastKnownFileType = sourcecode.c.h; path = Object.h; sourceTree = "<group>"; };
		A90FEE9A1AC5AD0E003969B1 /* PriorityQueue.cpp */ = {isa = PBXFileReference; fileEncoding = 4; lastKnownFileType = sourcecode.cpp.cpp; path = PriorityQueue.cpp; sourceTree = "<group>"; };
		A90FEE9B1AC5AD0E003969B1 /* PriorityQueue.h */ = {isa = PBXFileReference; fileEncoding = 4; lastKnownFileType = sourcecode.c.h; path = PriorityQueue.h; sourceTree = "<group>"; };
		A90FEEA01AC5AD21003969B1 /* huffman.cpp */ = {isa = PBXFileReference; fileEncoding = 4; lastKnownFileType = sourcecode.cpp.cpp; path = huffman.cpp; sourceTree = "<group>"; };
		A90FEEA21AC5AD4F003969B1 /* huffnode.h */ = {isa = PBXFileReference; fileEncoding = 4; lastKnownFileType = sourcecode.c.h; path = huffnode.h; sourceTree = "<group>"; };
		A90FEEA31AC5AD71003969B1 /* hufftree.h */ = {isa = PBXFileReference; fileEncoding = 4; lastKnownFileType = sourcecode.c.h; path = hufftree.h; sourceTree = "<group>"; };
/* End PBXFileReference section */

/* Begin PBXFrameworksBuildPhase section */
		A90FEE861AC5ACE3003969B1 /* Frameworks */ = {
			isa = PBXFrameworksBuildPhase;
			buildActionMask = 2147483647;
			files = (
			);
			runOnlyForDeploymentPostprocessing = 0;
		};
/* End PBXFrameworksBuildPhase section */

/* Begin PBXGroup section */
		A90FEE801AC5ACE3003969B1 = {
			isa = PBXGroup;
			children = (
				A90FEEA01AC5AD21003969B1 /* huffman.cpp */,
				A90FEEA31AC5AD71003969B1 /* hufftree.h */,
				A90FEEA21AC5AD4F003969B1 /* huffnode.h */,
				A90FEE931AC5AD0E003969B1 /* book.h */,
				A90FEE941AC5AD0E003969B1 /* Comparator.cpp */,
				A90FEE951AC5AD0E003969B1 /* Comparator.h */,
				A90FEE961AC5AD0E003969B1 /* heap.h */,
				A90FEE981AC5AD0E003969B1 /* Object.cpp */,
				A90FEE991AC5AD0E003969B1 /* Object.h */,
				A90FEE9A1AC5AD0E003969B1 /* PriorityQueue.cpp */,
				A90FEE9B1AC5AD0E003969B1 /* PriorityQueue.h */,
				A90FEE8B1AC5ACE3003969B1 /* 210-5.6 */,
				A90FEE8A1AC5ACE3003969B1 /* Products */,
			);
			sourceTree = "<group>";
		};
		A90FEE8A1AC5ACE3003969B1 /* Products */ = {
			isa = PBXGroup;
			children = (
				A90FEE891AC5ACE3003969B1 /* 210-5.6 */,
			);
			name = Products;
			sourceTree = "<group>";
		};
		A90FEE8B1AC5ACE3003969B1 /* 210-5.6 */ = {
			isa = PBXGroup;
			children = (
				A90FEE8C1AC5ACE3003969B1 /* main.cpp */,
			);
			path = "210-5.6";
			sourceTree = "<group>";
		};
/* End PBXGroup section */

/* Begin PBXNativeTarget section */
		A90FEE881AC5ACE3003969B1 /* 210-5.6 */ = {
			isa = PBXNativeTarget;
			buildConfigurationList = A90FEE901AC5ACE3003969B1 /* Build configuration list for PBXNativeTarget "210-5.6" */;
			buildPhases = (
				A90FEE851AC5ACE3003969B1 /* Sources */,
				A90FEE861AC5ACE3003969B1 /* Frameworks */,
				A90FEE871AC5ACE3003969B1 /* CopyFiles */,
			);
			buildRules = (
			);
			dependencies = (
			);
			name = "210-5.6";
			productName = "210-5.6";
			productReference = A90FEE891AC5ACE3003969B1 /* 210-5.6 */;
			productType = "com.apple.product-type.tool";
		};
/* End PBXNativeTarget section */

/* Begin PBXProject section */
		A90FEE811AC5ACE3003969B1 /* Project object */ = {
			isa = PBXProject;
			attributes = {
				LastUpgradeCheck = 0620;
				ORGANIZATIONNAME = CWL;
				TargetAttributes = {
					A90FEE881AC5ACE3003969B1 = {
						CreatedOnToolsVersion = 6.2;
					};
				};
			};
			buildConfigurationList = A90FEE841AC5ACE3003969B1 /* Build configuration list for PBXProject "210-5.6" */;
			compatibilityVersion = "Xcode 3.2";
			developmentRegion = English;
			hasScannedForEncodings = 0;
			knownRegions = (
				en,
			);
			mainGroup = A90FEE801AC5ACE3003969B1;
			productRefGroup = A90FEE8A1AC5ACE3003969B1 /* Products */;
			projectDirPath = "";
			projectRoot = "";
			targets = (
				A90FEE881AC5ACE3003969B1 /* 210-5.6 */,
			);
		};
/* End PBXProject section */

/* Begin PBXSourcesBuildPhase section */
		A90FEE851AC5ACE3003969B1 /* Sources */ = {
			isa = PBXSourcesBuildPhase;
			buildActionMask = 2147483647;
			files = (
				A90FEE9C1AC5AD0E003969B1 /* Comparator.cpp in Sources */,
				A90FEE9E1AC5AD0E003969B1 /* Object.cpp in Sources */,
				A90FEE9F1AC5AD0E003969B1 /* PriorityQueue.cpp in Sources */,
				A90FEEA11AC5AD21003969B1 /* huffman.cpp in Sources */,
			);
			runOnlyForDeploymentPostprocessing = 0;
		};
/* End PBXSourcesBuildPhase section */

/* Begin XCBuildConfiguration section */
		A90FEE8E1AC5ACE3003969B1 /* Debug */ = {
			isa = XCBuildConfiguration;
			buildSettings = {
				ALWAYS_SEARCH_USER_PATHS = NO;
				CLANG_CXX_LANGUAGE_STANDARD = "gnu++0x";
				CLANG_CXX_LIBRARY = "libc++";
				CLANG_ENABLE_MODULES = YES;
				CLANG_ENABLE_OBJC_ARC = YES;
				CLANG_WARN_BOOL_CONVERSION = YES;
				CLANG_WARN_CONSTANT_CONVERSION = YES;
				CLANG_WARN_DIRECT_OBJC_ISA_USAGE = YES_ERROR;
				CLANG_WARN_EMPTY_BODY = YES;
				CLANG_WARN_ENUM_CONVERSION = YES;
				CLANG_WARN_INT_CONVERSION = YES;
				CLANG_WARN_OBJC_ROOT_CLASS = YES_ERROR;
				CLANG_WARN_UNREACHABLE_CODE = YES;
				CLANG_WARN__DUPLICATE_METHOD_MATCH = YES;
				COPY_PHASE_STRIP = NO;
				ENABLE_STRICT_OBJC_MSGSEND = YES;
				GCC_C_LANGUAGE_STANDARD = gnu99;
				GCC_DYNAMIC_NO_PIC = NO;
				GCC_OPTIMIZATION_LEVEL = 0;
				GCC_PREPROCESSOR_DEFINITIONS = (
					"DEBUG=1",
					"$(inherited)",
				);
				GCC_SYMBOLS_PRIVATE_EXTERN = NO;
				GCC_WARN_64_TO_32_BIT_CONVERSION = YES;
				GCC_WARN_ABOUT_RETURN_TYPE = YES_ERROR;
				GCC_WARN_UNDECLARED_SELECTOR = YES;
				GCC_WARN_UNINITIALIZED_AUTOS = YES_AGGRESSIVE;
				GCC_WARN_UNUSED_FUNCTION = YES;
				GCC_WARN_UNUSED_VARIABLE = YES;
				MACOSX_DEPLOYMENT_TARGET = 10.10;
				MTL_ENABLE_DEBUG_INFO = YES;
				ONLY_ACTIVE_ARCH = YES;
				SDKROOT = macosx;
			};
			name = Debug;
		};
		A90FEE8F1AC5ACE3003969B1 /* Release */ = {
			isa = XCBuildConfiguration;
			buildSettings = {
				ALWAYS_SEARCH_USER_PATHS = NO;
				CLANG_CXX_LANGUAGE_STANDARD = "gnu++0x";
				CLANG_CXX_LIBRARY = "libc++";
				CLANG_ENABLE_MODULES = YES;
				CLANG_ENABLE_OBJC_ARC = YES;
				CLANG_WARN_BOOL_CONVERSION = YES;
				CLANG_WARN_CONSTANT_CONVERSION = YES;
				CLANG_WARN_DIRECT_OBJC_ISA_USAGE = YES_ERROR;
				CLANG_WARN_EMPTY_BODY = YES;
				CLANG_WARN_ENUM_CONVERSION = YES;
				CLANG_WARN_INT_CONVERSION = YES;
				CLANG_WARN_OBJC_ROOT_CLASS = YES_ERROR;
				CLANG_WARN_UNREACHABLE_CODE = YES;
				CLANG_WARN__DUPLICATE_METHOD_MATCH = YES;
				COPY_PHASE_STRIP = NO;
				DEBUG_INFORMATION_FORMAT = "dwarf-with-dsym";
				ENABLE_NS_ASSERTIONS = NO;
				ENABLE_STRICT_OBJC_MSGSEND = YES;
				GCC_C_LANGUAGE_STANDARD = gnu99;
				GCC_WARN_64_TO_32_BIT_CONVERSION = YES;
				GCC_WARN_ABOUT_RETURN_TYPE = YES_ERROR;
				GCC_WARN_UNDECLARED_SELECTOR = YES;
				GCC_WARN_UNINITIALIZED_AUTOS = YES_AGGRESSIVE;
				GCC_WARN_UNUSED_FUNCTION = YES;
				GCC_WARN_UNUSED_VARIABLE = YES;
				MACOSX_DEPLOYMENT_TARGET = 10.10;
				MTL_ENABLE_DEBUG_INFO = NO;
				SDKROOT = macosx;
			};
			name = Release;
		};
		A90FEE911AC5ACE3003969B1 /* Debug */ = {
			isa = XCBuildConfiguration;
			buildSettings = {
				PRODUCT_NAME = "$(TARGET_NAME)";
			};
			name = Debug;
		};
		A90FEE921AC5ACE3003969B1 /* Release */ = {
			isa = XCBuildConfiguration;
			buildSettings = {
				PRODUCT_NAME = "$(TARGET_NAME)";
			};
			name = Release;
		};
/* End XCBuildConfiguration section */

/* Begin XCConfigurationList section */
		A90FEE841AC5ACE3003969B1 /* Build configuration list for PBXProject "210-5.6" */ = {
			isa = XCConfigurationList;
			buildConfigurations = (
				A90FEE8E1AC5ACE3003969B1 /* Debug */,
				A90FEE8F1AC5ACE3003969B1 /* Release */,
			);
			defaultConfigurationIsVisible = 0;
			defaultConfigurationName = Release;
		};
		A90FEE901AC5ACE3003969B1 /* Build configuration list for PBXNativeTarget "210-5.6" */ = {
			isa = XCConfigurationList;
			buildConfigurations = (
				A90FEE911AC5ACE3003969B1 /* Debug */,
				A90FEE921AC5ACE3003969B1 /* Release */,
			);
			defaultConfigurationIsVisible = 0;
		};
/* End XCConfigurationList section */
	};
	rootObject = A90FEE811AC5ACE3003969B1 /* Project object */;
}
